// !$*UTF8*$!
{
	archiveVersion = 1;
	classes = {
	};
	objectVersion = 46;
	objects = {

/* Begin PBXBuildFile section */
		AA7F92121ADED83B008AA440 /* AppDelegate.swift in Sources */ = {isa = PBXBuildFile; fileRef = AA7F92111ADED83B008AA440 /* AppDelegate.swift */; };
		AA7F92141ADED83B008AA440 /* ViewController.swift in Sources */ = {isa = PBXBuildFile; fileRef = AA7F92131ADED83B008AA440 /* ViewController.swift */; };
		AA7F92171ADED83B008AA440 /* Main.storyboard in Resources */ = {isa = PBXBuildFile; fileRef = AA7F92151ADED83B008AA440 /* Main.storyboard */; };
		AA7F92191ADED83B008AA440 /* Images.xcassets in Resources */ = {isa = PBXBuildFile; fileRef = AA7F92181ADED83B008AA440 /* Images.xcassets */; };
		AA7F921C1ADED83B008AA440 /* LaunchScreen.xib in Resources */ = {isa = PBXBuildFile; fileRef = AA7F921A1ADED83B008AA440 /* LaunchScreen.xib */; };
		AA7F92281ADED83B008AA440 /* AriaTests.swift in Sources */ = {isa = PBXBuildFile; fileRef = AA7F92271ADED83B008AA440 /* AriaTests.swift */; };
/* End PBXBuildFile section */

/* Begin PBXContainerItemProxy section */
		AA7F92221ADED83B008AA440 /* PBXContainerItemProxy */ = {
			isa = PBXContainerItemProxy;
			containerPortal = AA7F92041ADED83B008AA440 /* Project object */;
			proxyType = 1;
			remoteGlobalIDString = AA7F920B1ADED83B008AA440;
			remoteInfo = Aria;
		};
/* End PBXContainerItemProxy section */

/* Begin PBXFileReference section */
		AA7F920C1ADED83B008AA440 /* Aria.app */ = {isa = PBXFileReference; explicitFileType = wrapper.application; includeInIndex = 0; path = Aria.app; sourceTree = BUILT_PRODUCTS_DIR; };
		AA7F92101ADED83B008AA440 /* Info.plist */ = {isa = PBXFileReference; lastKnownFileType = text.plist.xml; path = Info.plist; sourceTree = "<group>"; };
		AA7F92111ADED83B008AA440 /* AppDelegate.swift */ = {isa = PBXFileReference; lastKnownFileType = sourcecode.swift; path = AppDelegate.swift; sourceTree = "<group>"; };
		AA7F92131ADED83B008AA440 /* ViewController.swift */ = {isa = PBXFileReference; lastKnownFileType = sourcecode.swift; path = ViewController.swift; sourceTree = "<group>"; };
		AA7F92161ADED83B008AA440 /* Base */ = {isa = PBXFileReference; lastKnownFileType = file.storyboard; name = Base; path = Base.lproj/Main.storyboard; sourceTree = "<group>"; };
		AA7F92181ADED83B008AA440 /* Images.xcassets */ = {isa = PBXFileReference; lastKnownFileType = folder.assetcatalog; path = Images.xcassets; sourceTree = "<group>"; };
		AA7F921B1ADED83B008AA440 /* Base */ = {isa = PBXFileReference; lastKnownFileType = file.xib; name = Base; path = Base.lproj/LaunchScreen.xib; sourceTree = "<group>"; };
		AA7F92211ADED83B008AA440 /* AriaTests.xctest */ = {isa = PBXFileReference; explicitFileType = wrapper.cfbundle; includeInIndex = 0; path = AriaTests.xctest; sourceTree = BUILT_PRODUCTS_DIR; };
		AA7F92261ADED83B008AA440 /* Info.plist */ = {isa = PBXFileReference; lastKnownFileType = text.plist.xml; path = Info.plist; sourceTree = "<group>"; };
		AA7F92271ADED83B008AA440 /* AriaTests.swift */ = {isa = PBXFileReference; lastKnownFileType = sourcecode.swift; path = AriaTests.swift; sourceTree = "<group>"; };
/* End PBXFileReference section */

/* Begin PBXFrameworksBuildPhase section */
		AA7F92091ADED83B008AA440 /* Frameworks */ = {
			isa = PBXFrameworksBuildPhase;
			buildActionMask = 2147483647;
			files = (
			);
			runOnlyForDeploymentPostprocessing = 0;
		};
		AA7F921E1ADED83B008AA440 /* Frameworks */ = {
			isa = PBXFrameworksBuildPhase;
			buildActionMask = 2147483647;
			files = (
			);
			runOnlyForDeploymentPostprocessing = 0;
		};
/* End PBXFrameworksBuildPhase section */

/* Begin PBXGroup section */
		AA7F92031ADED83B008AA440 = {
			isa = PBXGroup;
			children = (
				AA7F920E1ADED83B008AA440 /* Aria */,
				AA7F92241ADED83B008AA440 /* AriaTests */,
				AA7F920D1ADED83B008AA440 /* Products */,
			);
			sourceTree = "<group>";
		};
		AA7F920D1ADED83B008AA440 /* Products */ = {
			isa = PBXGroup;
			children = (
				AA7F920C1ADED83B008AA440 /* Aria.app */,
				AA7F92211ADED83B008AA440 /* AriaTests.xctest */,
			);
			name = Products;
			sourceTree = "<group>";
		};
		AA7F920E1ADED83B008AA440 /* Aria */ = {
			isa = PBXGroup;
			children = (
				AA7F92111ADED83B008AA440 /* AppDelegate.swift */,
				AA7F92131ADED83B008AA440 /* ViewController.swift */,
				AA7F92151ADED83B008AA440 /* Main.storyboard */,
				AA7F92181ADED83B008AA440 /* Images.xcassets */,
				AA7F921A1ADED83B008AA440 /* LaunchScreen.xib */,
				AA7F920F1ADED83B008AA440 /* Supporting Files */,
			);
			path = Aria;
			sourceTree = "<group>";
		};
		AA7F920F1ADED83B008AA440 /* Supporting Files */ = {
			isa = PBXGroup;
			children = (
				AA7F92101ADED83B008AA440 /* Info.plist */,
			);
			name = "Supporting Files";
			sourceTree = "<group>";
		};
		AA7F92241ADED83B008AA440 /* AriaTests */ = {
			isa = PBXGroup;
			children = (
				AA7F92271ADED83B008AA440 /* AriaTests.swift */,
				AA7F92251ADED83B008AA440 /* Supporting Files */,
			);
			path = AriaTests;
			sourceTree = "<group>";
		};
		AA7F92251ADED83B008AA440 /* Supporting Files */ = {
			isa = PBXGroup;
			children = (
				AA7F92261ADED83B008AA440 /* Info.plist */,
			);
			name = "Supporting Files";
			sourceTree = "<group>";
		};
/* End PBXGroup section */

/* Begin PBXNativeTarget section */
		AA7F920B1ADED83B008AA440 /* Aria */ = {
			isa = PBXNativeTarget;
			buildConfigurationList = AA7F922B1ADED83B008AA440 /* Build configuration list for PBXNativeTarget "Aria" */;
			buildPhases = (
				AA7F92081ADED83B008AA440 /* Sources */,
				AA7F92091ADED83B008AA440 /* Frameworks */,
				AA7F920A1ADED83B008AA440 /* Resources */,
			);
			buildRules = (
			);
			dependencies = (
			);
			name = Aria;
			productName = Aria;
			productReference = AA7F920C1ADED83B008AA440 /* Aria.app */;
			productType = "com.apple.product-type.application";
		};
		AA7F92201ADED83B008AA440 /* AriaTests */ = {
			isa = PBXNativeTarget;
			buildConfigurationList = AA7F922E1ADED83B008AA440 /* Build configuration list for PBXNativeTarget "AriaTests" */;
			buildPhases = (
				AA7F921D1ADED83B008AA440 /* Sources */,
				AA7F921E1ADED83B008AA440 /* Frameworks */,
				AA7F921F1ADED83B008AA440 /* Resources */,
			);
			buildRules = (
			);
			dependencies = (
				AA7F92231ADED83B008AA440 /* PBXTargetDependency */,
			);
			name = AriaTests;
			productName = AriaTests;
			productReference = AA7F92211ADED83B008AA440 /* AriaTests.xctest */;
			productType = "com.apple.product-type.bundle.unit-test";
		};
/* End PBXNativeTarget section */

/* Begin PBXProject section */
		AA7F92041ADED83B008AA440 /* Project object */ = {
			isa = PBXProject;
			attributes = {
				LastUpgradeCheck = 0620;
				ORGANIZATIONNAME = "Aria Company";
				TargetAttributes = {
					AA7F920B1ADED83B008AA440 = {
						CreatedOnToolsVersion = 6.2;
					};
					AA7F92201ADED83B008AA440 = {
						CreatedOnToolsVersion = 6.2;
						TestTargetID = AA7F920B1ADED83B008AA440;
					};
				};
			};
			buildConfigurationList = AA7F92071ADED83B008AA440 /* Build configuration list for PBXProject "Aria" */;
			compatibilityVersion = "Xcode 3.2";
			developmentRegion = English;
			hasScannedForEncodings = 0;
			knownRegions = (
				en,
				Base,
			);
			mainGroup = AA7F92031ADED83B008AA440;
			productRefGroup = AA7F920D1ADED83B008AA440 /* Products */;
			projectDirPath = "";
			projectRoot = "";
			targets = (
				AA7F920B1ADED83B008AA440 /* Aria */,
				AA7F92201ADED83B008AA440 /* AriaTests */,
			);
		};
/* End PBXProject section */

/* Begin PBXResourcesBuildPhase section */
		AA7F920A1ADED83B008AA440 /* Resources */ = {
			isa = PBXResourcesBuildPhase;
			buildActionMask = 2147483647;
			files = (
				AA7F92171ADED83B008AA440 /* Main.storyboard in Resources */,
				AA7F921C1ADED83B008AA440 /* LaunchScreen.xib in Resources */,
				AA7F92191ADED83B008AA440 /* Images.xcassets in Resources */,
			);
			runOnlyForDeploymentPostprocessing = 0;
		};
		AA7F921F1ADED83B008AA440 /* Resources */ = {
			isa = PBXResourcesBuildPhase;
			buildActionMask = 2147483647;
			files = (
			);
			runOnlyForDeploymentPostprocessing = 0;
		};
/* End PBXResourcesBuildPhase section */

/* Begin PBXSourcesBuildPhase section */
		AA7F92081ADED83B008AA440 /* Sources */ = {
			isa = PBXSourcesBuildPhase;
			buildActionMask = 2147483647;
			files = (
				AA7F92141ADED83B008AA440 /* ViewController.swift in Sources */,
				AA7F92121ADED83B008AA440 /* AppDelegate.swift in Sources */,
			);
			runOnlyForDeploymentPostprocessing = 0;
		};
		AA7F921D1ADED83B008AA440 /* Sources */ = {
			isa = PBXSourcesBuildPhase;
			buildActionMask = 2147483647;
			files = (
				AA7F92281ADED83B008AA440 /* AriaTests.swift in Sources */,
			);
			runOnlyForDeploymentPostprocessing = 0;
		};
/* End PBXSourcesBuildPhase section */

/* Begin PBXTargetDependency section */
		AA7F92231ADED83B008AA440 /* PBXTargetDependency */ = {
			isa = PBXTargetDependency;
			target = AA7F920B1ADED83B008AA440 /* Aria */;
			targetProxy = AA7F92221ADED83B008AA440 /* PBXContainerItemProxy */;
		};
/* End PBXTargetDependency section */

/* Begin PBXVariantGroup section */
		AA7F92151ADED83B008AA440 /* Main.storyboard */ = {
			isa = PBXVariantGroup;
			children = (
				AA7F92161ADED83B008AA440 /* Base */,
			);
			name = Main.storyboard;
			sourceTree = "<group>";
		};
		AA7F921A1ADED83B008AA440 /* LaunchScreen.xib */ = {
			isa = PBXVariantGroup;
			children = (
				AA7F921B1ADED83B008AA440 /* Base */,
			);
			name = LaunchScreen.xib;
			sourceTree = "<group>";
		};
/* End PBXVariantGroup section */

/* Begin XCBuildConfiguration section */
		AA7F92291ADED83B008AA440 /* Debug */ = {
			isa = XCBuildConfiguration;
			buildSettings = {
				ALWAYS_SEARCH_USER_PATHS = NO;
				CLANG_CXX_LANGUAGE_STANDARD = "gnu++0x";
				CLANG_CXX_LIBRARY = "libc++";
				CLANG_ENABLE_MODULES = YES;
				CLANG_ENABLE_OBJC_ARC = YES;
				CLANG_WARN_BOOL_CONVERSION = YES;
				CLANG_WARN_CONSTANT_CONVERSION = YES;
				CLANG_WARN_DIRECT_OBJC_ISA_USAGE = YES_ERROR;
				CLANG_WARN_EMPTY_BODY = YES;
				CLANG_WARN_ENUM_CONVERSION = YES;
				CLANG_WARN_INT_CONVERSION = YES;
				CLANG_WARN_OBJC_ROOT_CLASS = YES_ERROR;
				CLANG_WARN_UNREACHABLE_CODE = YES;
				CLANG_WARN__DUPLICATE_METHOD_MATCH = YES;
				"CODE_SIGN_IDENTITY[sdk=iphoneos*]" = "iPhone Developer";
				COPY_PHASE_STRIP = NO;
				ENABLE_STRICT_OBJC_MSGSEND = YES;
				GCC_C_LANGUAGE_STANDARD = gnu99;
				GCC_DYNAMIC_NO_PIC = NO;
				GCC_OPTIMIZATION_LEVEL = 0;
				GCC_PREPROCESSOR_DEFINITIONS = (
					"DEBUG=1",
					"$(inherited)",
				);
				GCC_SYMBOLS_PRIVATE_EXTERN = NO;
				GCC_WARN_64_TO_32_BIT_CONVERSION = YES;
				GCC_WARN_ABOUT_RETURN_TYPE = YES_ERROR;
				GCC_WARN_UNDECLARED_SELECTOR = YES;
				GCC_WARN_UNINITIALIZED_AUTOS = YES_AGGRESSIVE;
				GCC_WARN_UNUSED_FUNCTION = YES;
				GCC_WARN_UNUSED_VARIABLE = YES;
				IPHONEOS_DEPLOYMENT_TARGET = 8.2;
				MTL_ENABLE_DEBUG_INFO = YES;
				ONLY_ACTIVE_ARCH = YES;
				SDKROOT = iphoneos;
				SWIFT_OPTIMIZATION_LEVEL = "-Onone";
				TARGETED_DEVICE_FAMILY = "1,2";
			};
			name = Debug;
		};
		AA7F922A1ADED83B008AA440 /* Release */ = {
			isa = XCBuildConfiguration;
			buildSettings = {
				ALWAYS_SEARCH_USER_PATHS = NO;
				CLANG_CXX_LANGUAGE_STANDARD = "gnu++0x";
				CLANG_CXX_LIBRARY = "libc++";
				CLANG_ENABLE_MODULES = YES;
				CLANG_ENABLE_OBJC_ARC = YES;
				CLANG_WARN_BOOL_CONVERSION = YES;
				CLANG_WARN_CONSTANT_CONVERSION = YES;
				CLANG_WARN_DIRECT_OBJC_ISA_USAGE = YES_ERROR;
				CLANG_WARN_EMPTY_BODY = YES;
				CLANG_WARN_ENUM_CONVERSION = YES;
				CLANG_WARN_INT_CONVERSION = YES;
				CLANG_WARN_OBJC_ROOT_CLASS = YES_ERROR;
				CLANG_WARN_UNREACHABLE_CODE = YES;
				CLANG_WARN__DUPLICATE_METHOD_MATCH = YES;
				"CODE_SIGN_IDENTITY[sdk=iphoneos*]" = "iPhone Developer";
				COPY_PHASE_STRIP = NO;
				ENABLE_NS_ASSERTIONS = NO;
				ENABLE_STRICT_OBJC_MSGSEND = YES;
				GCC_C_LANGUAGE_STANDARD = gnu99;
				GCC_WARN_64_TO_32_BIT_CONVERSION = YES;
				GCC_WARN_ABOUT_RETURN_TYPE = YES_ERROR;
				GCC_WARN_UNDECLARED_SELECTOR = YES;
				GCC_WARN_UNINITIALIZED_AUTOS = YES_AGGRESSIVE;
				GCC_WARN_UNUSED_FUNCTION = YES;
				GCC_WARN_UNUSED_VARIABLE = YES;
				IPHONEOS_DEPLOYMENT_TARGET = 8.2;
				MTL_ENABLE_DEBUG_INFO = NO;
				SDKROOT = iphoneos;
				TARGETED_DEVICE_FAMILY = "1,2";
				VALIDATE_PRODUCT = YES;
			};
			name = Release;
		};
		AA7F922C1ADED83B008AA440 /* Debug */ = {
			isa = XCBuildConfiguration;
			buildSettings = {
				ASSETCATALOG_COMPILER_APPICON_NAME = AppIcon;
				INFOPLIST_FILE = Aria/Info.plist;
				LD_RUNPATH_SEARCH_PATHS = "$(inherited) @executable_path/Frameworks";
				PRODUCT_NAME = "$(TARGET_NAME)";
			};
			name = Debug;
		};
		AA7F922D1ADED83B008AA440 /* Release */ = {
			isa = XCBuildConfiguration;
			buildSettings = {
				ASSETCATALOG_COMPILER_APPICON_NAME = AppIcon;
				INFOPLIST_FILE = Aria/Info.plist;
				LD_RUNPATH_SEARCH_PATHS = "$(inherited) @executable_path/Frameworks";
				PRODUCT_NAME = "$(TARGET_NAME)";
			};
			name = Release;
		};
		AA7F922F1ADED83B008AA440 /* Debug */ = {
			isa = XCBuildConfiguration;
			buildSettings = {
				BUNDLE_LOADER = "$(TEST_HOST)";
				FRAMEWORK_SEARCH_PATHS = (
					"$(SDKROOT)/Developer/Library/Frameworks",
					"$(inherited)",
				);
				GCC_PREPROCESSOR_DEFINITIONS = (
					"DEBUG=1",
					"$(inherited)",
				);
				INFOPLIST_FILE = AriaTests/Info.plist;
				LD_RUNPATH_SEARCH_PATHS = "$(inherited) @executable_path/Frameworks @loader_path/Frameworks";
				PRODUCT_NAME = "$(TARGET_NAME)";
				TEST_HOST = "$(BUILT_PRODUCTS_DIR)/Aria.app/Aria";
			};
			name = Debug;
		};
		AA7F92301ADED83B008AA440 /* Release */ = {
			isa = XCBuildConfiguration;
			buildSettings = {
				BUNDLE_LOADER = "$(TEST_HOST)";
				FRAMEWORK_SEARCH_PATHS = (
					"$(SDKROOT)/Developer/Library/Frameworks",
					"$(inherited)",
				);
				INFOPLIST_FILE = AriaTests/Info.plist;
				LD_RUNPATH_SEARCH_PATHS = "$(inherited) @executable_path/Frameworks @loader_path/Frameworks";
				PRODUCT_NAME = "$(TARGET_NAME)";
				TEST_HOST = "$(BUILT_PRODUCTS_DIR)/Aria.app/Aria";
			};
			name = Release;
		};
/* End XCBuildConfiguration section */

/* Begin XCConfigurationList section */
		AA7F92071ADED83B008AA440 /* Build configuration list for PBXProject "Aria" */ = {
			isa = XCConfigurationList;
			buildConfigurations = (
				AA7F92291ADED83B008AA440 /* Debug */,
				AA7F922A1ADED83B008AA440 /* Release */,
			);
			defaultConfigurationIsVisible = 0;
			defaultConfigurationName = Release;
		};
		AA7F922B1ADED83B008AA440 /* Build configuration list for PBXNativeTarget "Aria" */ = {
			isa = XCConfigurationList;
			buildConfigurations = (
				AA7F922C1ADED83B008AA440 /* Debug */,
				AA7F922D1ADED83B008AA440 /* Release */,
			);
			defaultConfigurationIsVisible = 0;
		};
		AA7F922E1ADED83B008AA440 /* Build configuration list for PBXNativeTarget "AriaTests" */ = {
			isa = XCConfigurationList;
			buildConfigurations = (
				AA7F922F1ADED83B008AA440 /* Debug */,
				AA7F92301ADED83B008AA440 /* Release */,
			);
			defaultConfigurationIsVisible = 0;
		};
/* End XCConfigurationList section */
	};
	rootObject = AA7F92041ADED83B008AA440 /* Project object */;
}
